
Microsoft Visual Studio Solution File, Format Version 12.00
# Visual Studio Version 16
VisualStudioVersion = 16.0.33130.400
MinimumVisualStudioVersion = 10.0.40219.1
Project("{FAE04EC0-301F-11D3-BF4B-00C04F79EFBC}") = "2задание", "2задание.csproj", "{115BB9DB-B735-4D77-8FE8-C8F90A802EFE}"
EndProject
Global
	GlobalSection(SolutionConfigurationPlatforms) = preSolution
		Debug|Any CPU = Debug|Any CPU
		Release|Any CPU = Release|Any CPU
	EndGlobalSection
	GlobalSection(ProjectConfigurationPlatforms) = postSolution
		{115BB9DB-B735-4D77-8FE8-C8F90A802EFE}.Debug|Any CPU.ActiveCfg = Debug|Any CPU
		{115BB9DB-B735-4D77-8FE8-C8F90A802EFE}.Debug|Any CPU.Build.0 = Debug|Any CPU
		{115BB9DB-B735-4D77-8FE8-C8F90A802EFE}.Release|Any CPU.ActiveCfg = Release|Any CPU
		{115BB9DB-B735-4D77-8FE8-C8F90A802EFE}.Release|Any CPU.Build.0 = Release|Any CPU
	EndGlobalSection
	GlobalSection(SolutionProperties) = preSolution
		HideSolutionNode = FALSE
	EndGlobalSection
	GlobalSection(ExtensibilityGlobals) = postSolution
		SolutionGuid = {5CC9C95D-363E-4943-9E37-7196680BB65C}
	EndGlobalSection
EndGlobal
